{
  "name": "clase-13",
  "lockfileVersion": 2,
  "requires": true,
  "packages": {
    "": {
      "dependencies": {
        "sweetalert2": "^11.4.23",
        "toastify-js": "^1.11.2"
      }
    },
    "node_modules/sweetalert2": {
      "version": "11.4.23",
      "resolved": "https://registry.npmjs.org/sweetalert2/-/sweetalert2-11.4.23.tgz",
      "integrity": "sha512-BfO0gIIHu4SJiixBHpCmd74W+EkORJPX9zy5HLp6vkMAz7RsUED7BhrOBEYrYYgw9nnbxYOwzJDDVPNuK1JQtQ==",
      "funding": {
        "type": "individual",
        "url": "https://sweetalert2.github.io/#donations"
      }
    },
    "node_modules/toastify-js": {
      "version": "1.11.2",
      "resolved": "https://registry.npmjs.org/toastify-js/-/toastify-js-1.11.2.tgz",
      "integrity": "sha512-bMBNKhZLPX/sDhpwM7KHIRUTtqCylQeoZDiEWy5zE7iDUJ92XmP8AKgDAp9rXx6pR5GXGFtQHHoH62toahbHgQ=="
    }
  },
  "dependencies": {
    "sweetalert2": {
      "version": "11.4.23",
      "resolved": "https://registry.npmjs.org/sweetalert2/-/sweetalert2-11.4.23.tgz",
      "integrity": "sha512-BfO0gIIHu4SJiixBHpCmd74W+EkORJPX9zy5HLp6vkMAz7RsUED7BhrOBEYrYYgw9nnbxYOwzJDDVPNuK1JQtQ=="
    },
    "toastify-js": {
      "version": "1.11.2",
      "resolved": "https://registry.npmjs.org/toastify-js/-/toastify-js-1.11.2.tgz",
      "integrity": "sha512-bMBNKhZLPX/sDhpwM7KHIRUTtqCylQeoZDiEWy5zE7iDUJ92XmP8AKgDAp9rXx6pR5GXGFtQHHoH62toahbHgQ=="
    }
  }
}
